Microsoft Visual Studio Solution File, Format Version 12.00
# Visual Studio Version 17
VisualStudioVersion = 17.5.2.0
MinimumVisualStudioVersion = 10.0.40219.1
Project("{2150E333-8FDC-42A3-9474-1A3956D46DE8}") = "ServerApp", "ServerApp", "{E5011969-D806-BDAC-7917-470734CFFCAB}"
EndProject
Project("{FAE04EC0-301F-11D3-BF4B-00C04F79EFBC}") = "WebSocketTest", "ServerApp\WebSocketTest\WebSocketTest.csproj", "{DE2F963E-B4C9-39BA-142D-0F336DB9BBA3}"
EndProject
Global
	GlobalSection(SolutionConfigurationPlatforms) = preSolution
		Debug|Any CPU = Debug|Any CPU
		Release|Any CPU = Release|Any CPU
	EndGlobalSection
	GlobalSection(ProjectConfigurationPlatforms) = postSolution
		{DE2F963E-B4C9-39BA-142D-0F336DB9BBA3}.Debug|Any CPU.ActiveCfg = Debug|Any CPU
		{DE2F963E-B4C9-39BA-142D-0F336DB9BBA3}.Debug|Any CPU.Build.0 = Debug|Any CPU
		{DE2F963E-B4C9-39BA-142D-0F336DB9BBA3}.Release|Any CPU.ActiveCfg = Release|Any CPU
		{DE2F963E-B4C9-39BA-142D-0F336DB9BBA3}.Release|Any CPU.Build.0 = Release|Any CPU
	EndGlobalSection
	GlobalSection(SolutionProperties) = preSolution
		HideSolutionNode = FALSE
	EndGlobalSection
	GlobalSection(NestedProjects) = preSolution
		{DE2F963E-B4C9-39BA-142D-0F336DB9BBA3} = {E5011969-D806-BDAC-7917-470734CFFCAB}
	EndGlobalSection
	GlobalSection(ExtensibilityGlobals) = postSolution
		SolutionGuid = {9341AF2C-5C62-4405-A1BC-976F16987789}
	EndGlobalSection
EndGlobal
